
Microsoft Visual Studio Solution File, Format Version 12.00
# Visual Studio Version 16
VisualStudioVersion = 16.0.31112.23
MinimumVisualStudioVersion = 10.0.40219.1
Project("{9A19103F-16F7-4668-BE54-9A1E7A4F7556}") = "TestApp", "TestApp\TestApp.csproj", "{791DB28E-0DF1-4F51-8981-7FD8CAC43C1D}"
EndProject
Project("{9A19103F-16F7-4668-BE54-9A1E7A4F7556}") = "PriorityLock.Common", "PriorityLock.Common\PriorityLock.Common.csproj", "{8B0EB360-8455-4E6A-A7F6-BFD91CF3CCCA}"
EndProject
Project("{9A19103F-16F7-4668-BE54-9A1E7A4F7556}") = "PriorityLock.LockManager", "PriorityLock.LockManager_v1\PriorityLock.LockManager.csproj", "{248DEC56-E490-4C60-A4F9-FAEEF133C089}"
EndProject
Global
	GlobalSection(SolutionConfigurationPlatforms) = preSolution
		Debug|Any CPU = Debug|Any CPU
		Release|Any CPU = Release|Any CPU
	EndGlobalSection
	GlobalSection(ProjectConfigurationPlatforms) = postSolution
		{791DB28E-0DF1-4F51-8981-7FD8CAC43C1D}.Debug|Any CPU.ActiveCfg = Debug|Any CPU
		{791DB28E-0DF1-4F51-8981-7FD8CAC43C1D}.Debug|Any CPU.Build.0 = Debug|Any CPU
		{791DB28E-0DF1-4F51-8981-7FD8CAC43C1D}.Release|Any CPU.ActiveCfg = Release|Any CPU
		{791DB28E-0DF1-4F51-8981-7FD8CAC43C1D}.Release|Any CPU.Build.0 = Release|Any CPU
		{8B0EB360-8455-4E6A-A7F6-BFD91CF3CCCA}.Debug|Any CPU.ActiveCfg = Debug|Any CPU
		{8B0EB360-8455-4E6A-A7F6-BFD91CF3CCCA}.Debug|Any CPU.Build.0 = Debug|Any CPU
		{8B0EB360-8455-4E6A-A7F6-BFD91CF3CCCA}.Release|Any CPU.ActiveCfg = Release|Any CPU
		{8B0EB360-8455-4E6A-A7F6-BFD91CF3CCCA}.Release|Any CPU.Build.0 = Release|Any CPU
		{248DEC56-E490-4C60-A4F9-FAEEF133C089}.Debug|Any CPU.ActiveCfg = Debug|Any CPU
		{248DEC56-E490-4C60-A4F9-FAEEF133C089}.Debug|Any CPU.Build.0 = Debug|Any CPU
		{248DEC56-E490-4C60-A4F9-FAEEF133C089}.Release|Any CPU.ActiveCfg = Release|Any CPU
		{248DEC56-E490-4C60-A4F9-FAEEF133C089}.Release|Any CPU.Build.0 = Release|Any CPU
	EndGlobalSection
	GlobalSection(SolutionProperties) = preSolution
		HideSolutionNode = FALSE
	EndGlobalSection
	GlobalSection(ExtensibilityGlobals) = postSolution
		SolutionGuid = {BF9336CC-500F-4489-9845-22EAA55F7678}
	EndGlobalSection
EndGlobal
